<Solution>
  <Folder Name="/samples/">
    <Project Path="samples/CliDemo/CliDemo.csproj" />
    <Project Path="samples/HelloOpenTui/HelloOpenTui.csproj" />
    <Project Path="samples/WidgetShowcase/WidgetShowcase.csproj" />
  </Folder>
  <Folder Name="/src/">
    <Project Path="src/OpenTui.Native/OpenTui.Native.csproj" />
    <Project Path="src/OpenTui/OpenTui.csproj" />
  </Folder>
  <Folder Name="/tests/">
    <Project Path="tests/OpenTui.Native.Tests/OpenTui.Native.Tests.csproj" />
    <Project Path="tests/OpenTui.Tests/OpenTui.Tests.csproj" />
  </Folder>
</Solution>
